
Microsoft Visual Studio Solution File, Format Version 12.00
# Visual Studio Version 16
VisualStudioVersion = 16.0.30907.101
MinimumVisualStudioVersion = 10.0.40219.1
Project("{9A19103F-16F7-4668-BE54-9A1E7A4F7556}") = "EcomerceWebsite-Backend", "EcomerceWebsite-Backend\EcomerceWebsite-Backend.csproj", "{A70A14FE-7EDD-4855-8116-D5F61CAB3AD2}"
EndProject
Project("{9A19103F-16F7-4668-BE54-9A1E7A4F7556}") = "CustomerSite", "CustomerSite\CustomerSite.csproj", "{0F38B247-83CA-4773-A474-768BFBC27B70}"
EndProject
Project("{FAE04EC0-301F-11D3-BF4B-00C04F79EFBC}") = "ShareViewModel", "ShareViewModel\ShareViewModel.csproj", "{71E8A0B6-AD29-4E04-864B-6AEE3D3E2312}"
EndProject
Global
	GlobalSection(SolutionConfigurationPlatforms) = preSolution
		Debug|Any CPU = Debug|Any CPU
		Release|Any CPU = Release|Any CPU
	EndGlobalSection
	GlobalSection(ProjectConfigurationPlatforms) = postSolution
		{A70A14FE-7EDD-4855-8116-D5F61CAB3AD2}.Debug|Any CPU.ActiveCfg = Debug|Any CPU
		{A70A14FE-7EDD-4855-8116-D5F61CAB3AD2}.Debug|Any CPU.Build.0 = Debug|Any CPU
		{A70A14FE-7EDD-4855-8116-D5F61CAB3AD2}.Release|Any CPU.ActiveCfg = Release|Any CPU
		{A70A14FE-7EDD-4855-8116-D5F61CAB3AD2}.Release|Any CPU.Build.0 = Release|Any CPU
		{0F38B247-83CA-4773-A474-768BFBC27B70}.Debug|Any CPU.ActiveCfg = Debug|Any CPU
		{0F38B247-83CA-4773-A474-768BFBC27B70}.Debug|Any CPU.Build.0 = Debug|Any CPU
		{0F38B247-83CA-4773-A474-768BFBC27B70}.Release|Any CPU.ActiveCfg = Release|Any CPU
		{0F38B247-83CA-4773-A474-768BFBC27B70}.Release|Any CPU.Build.0 = Release|Any CPU
		{71E8A0B6-AD29-4E04-864B-6AEE3D3E2312}.Debug|Any CPU.ActiveCfg = Debug|Any CPU
		{71E8A0B6-AD29-4E04-864B-6AEE3D3E2312}.Debug|Any CPU.Build.0 = Debug|Any CPU
		{71E8A0B6-AD29-4E04-864B-6AEE3D3E2312}.Release|Any CPU.ActiveCfg = Release|Any CPU
		{71E8A0B6-AD29-4E04-864B-6AEE3D3E2312}.Release|Any CPU.Build.0 = Release|Any CPU
	EndGlobalSection
	GlobalSection(SolutionProperties) = preSolution
		HideSolutionNode = FALSE
	EndGlobalSection
	GlobalSection(ExtensibilityGlobals) = postSolution
		SolutionGuid = {73BE7A6E-F4CF-4C9E-8FC8-07F389D26F1D}
	EndGlobalSection
EndGlobal
